// !$*UTF8*$!
{
	archiveVersion = 1;
	classes = {
	};
	objectVersion = 56;
	objects = {

/* Begin PBXBuildFile section */
		72452430294A713C00F45ECA /* objects_classes.swift in Sources */ = {isa = PBXBuildFile; fileRef = 7245242F294A713C00F45ECA /* objects_classes.swift */; };
		7268C21729A7B8D500FE1B44 /* stdlib.swift in Sources */ = {isa = PBXBuildFile; fileRef = 7268C21629A7B8D500FE1B44 /* stdlib.swift */; };
		7287CF052947D448009455ED /* functions_closures.swift in Sources */ = {isa = PBXBuildFile; fileRef = 7287CF042947D448009455ED /* functions_closures.swift */; };
		7296F3A02942728200B665B4 /* main.swift in Sources */ = {isa = PBXBuildFile; fileRef = 7296F39F2942728200B665B4 /* main.swift */; };
		7296F3A7294283D500B665B4 /* arrays.swift in Sources */ = {isa = PBXBuildFile; fileRef = 7296F3A6294283D500B665B4 /* arrays.swift */; };
		7296F3A9294283F100B665B4 /* dictionary.swift in Sources */ = {isa = PBXBuildFile; fileRef = 7296F3A8294283F100B665B4 /* dictionary.swift */; };
		7296F3AB294289C300B665B4 /* nil.swift in Sources */ = {isa = PBXBuildFile; fileRef = 7296F3AA294289C300B665B4 /* nil.swift */; };
		729774912964BD1800339FC7 /* enum_struc.swift in Sources */ = {isa = PBXBuildFile; fileRef = 729774902964BD1800339FC7 /* enum_struc.swift */; };
		72AF610A2943AAED008482D7 /* control.swift in Sources */ = {isa = PBXBuildFile; fileRef = 72AF61092943AAED008482D7 /* control.swift */; };
		72C404B9299ECC2F00B37B1A /* errorHandling.swift in Sources */ = {isa = PBXBuildFile; fileRef = 72C404B8299ECC2F00B37B1A /* errorHandling.swift */; };
		72C404BB299ECCF100B37B1A /* generics.swift in Sources */ = {isa = PBXBuildFile; fileRef = 72C404BA299ECCF100B37B1A /* generics.swift */; };
		72C4302629A7F35200DC2FDD /* types.swift in Sources */ = {isa = PBXBuildFile; fileRef = 72C4302529A7F35200DC2FDD /* types.swift */; };
		72C4302829A7F76A00DC2FDD /* print.swift in Sources */ = {isa = PBXBuildFile; fileRef = 72C4302729A7F76A00DC2FDD /* print.swift */; };
		72E24B5D298D69000033ADA3 /* protocols.swift in Sources */ = {isa = PBXBuildFile; fileRef = 72E24B5C298D69000033ADA3 /* protocols.swift */; };
		72E65DCF297ACFB90013B5A9 /* concurrency.swift in Sources */ = {isa = PBXBuildFile; fileRef = 72E65DCE297ACFB90013B5A9 /* concurrency.swift */; };
/* End PBXBuildFile section */

/* Begin PBXCopyFilesBuildPhase section */
		7296F39A2942728200B665B4 /* CopyFiles */ = {
			isa = PBXCopyFilesBuildPhase;
			buildActionMask = 2147483647;
			dstPath = /usr/share/man/man1/;
			dstSubfolderSpec = 0;
			files = (
			);
			runOnlyForDeploymentPostprocessing = 1;
		};
/* End PBXCopyFilesBuildPhase section */

/* Begin PBXFileReference section */
		7216A04C2A9C2DB000F9351A /* hws-01.playground */ = {isa = PBXFileReference; lastKnownFileType = file.playground; name = "hws-01.playground"; path = "cltesty/hws-01.playground"; sourceTree = "<group>"; xcLanguageSpecificationIdentifier = xcode.lang.swift; };
		721CC4852AA00689004E8F31 /* hws-04.playground */ = {isa = PBXFileReference; lastKnownFileType = file.playground; name = "hws-04.playground"; path = "cltesty/hws-04.playground"; sourceTree = "<group>"; xcLanguageSpecificationIdentifier = xcode.lang.swift; };
		7222CE912AA7EC5C004EDEF9 /* hws-10.playground */ = {isa = PBXFileReference; lastKnownFileType = file.playground; name = "hws-10.playground"; path = "cltesty/hws-10.playground"; sourceTree = "<group>"; xcLanguageSpecificationIdentifier = xcode.lang.swift; };
		722EDD762A9D6EA200A95468 /* hws-02.playground */ = {isa = PBXFileReference; lastKnownFileType = file.playground; name = "hws-02.playground"; path = "cltesty/hws-02.playground"; sourceTree = "<group>"; xcLanguageSpecificationIdentifier = xcode.lang.swift; };
		7245242F294A713C00F45ECA /* objects_classes.swift */ = {isa = PBXFileReference; lastKnownFileType = sourcecode.swift; path = objects_classes.swift; sourceTree = "<group>"; };
		725357162A9F889400C45796 /* hws-03.playground */ = {isa = PBXFileReference; lastKnownFileType = file.playground; name = "hws-03.playground"; path = "cltesty/hws-03.playground"; sourceTree = "<group>"; xcLanguageSpecificationIdentifier = xcode.lang.swift; };
		725856382AA52970001ED7C8 /* hws-08.playground */ = {isa = PBXFileReference; lastKnownFileType = file.playground; name = "hws-08.playground"; path = "cltesty/hws-08.playground"; sourceTree = "<group>"; xcLanguageSpecificationIdentifier = xcode.lang.swift; };
		7268C21629A7B8D500FE1B44 /* stdlib.swift */ = {isa = PBXFileReference; lastKnownFileType = sourcecode.swift; path = stdlib.swift; sourceTree = "<group>"; };
		7287CF042947D448009455ED /* functions_closures.swift */ = {isa = PBXFileReference; lastKnownFileType = sourcecode.swift; path = functions_closures.swift; sourceTree = "<group>"; };
		729328772AA3E88A008BB75E /* hws-07.playground */ = {isa = PBXFileReference; lastKnownFileType = file.playground; name = "hws-07.playground"; path = "cltesty/hws-07.playground"; sourceTree = "<group>"; xcLanguageSpecificationIdentifier = xcode.lang.swift; };
		7296F39C2942728200B665B4 /* cltesty */ = {isa = PBXFileReference; explicitFileType = "compiled.mach-o.executable"; includeInIndex = 0; path = cltesty; sourceTree = BUILT_PRODUCTS_DIR; };
		7296F39F2942728200B665B4 /* main.swift */ = {isa = PBXFileReference; lastKnownFileType = sourcecode.swift; path = main.swift; sourceTree = "<group>"; };
		7296F3A6294283D500B665B4 /* arrays.swift */ = {isa = PBXFileReference; lastKnownFileType = sourcecode.swift; path = arrays.swift; sourceTree = "<group>"; };
		7296F3A8294283F100B665B4 /* dictionary.swift */ = {isa = PBXFileReference; lastKnownFileType = sourcecode.swift; path = dictionary.swift; sourceTree = "<group>"; };
		7296F3AA294289C300B665B4 /* nil.swift */ = {isa = PBXFileReference; lastKnownFileType = sourcecode.swift; path = nil.swift; sourceTree = "<group>"; };
		729774902964BD1800339FC7 /* enum_struc.swift */ = {isa = PBXFileReference; lastKnownFileType = sourcecode.swift; path = enum_struc.swift; sourceTree = "<group>"; };
		72AF61092943AAED008482D7 /* control.swift */ = {isa = PBXFileReference; lastKnownFileType = sourcecode.swift; path = control.swift; sourceTree = "<group>"; };
		72B189962AA933F200D2187E /* hws-11.playground */ = {isa = PBXFileReference; lastKnownFileType = file.playground; name = "hws-11.playground"; path = "cltesty/hws-11.playground"; sourceTree = "<group>"; xcLanguageSpecificationIdentifier = xcode.lang.swift; };
		72B897422AA154D0003CDD71 /* hws-05.playground */ = {isa = PBXFileReference; lastKnownFileType = file.playground; name = "hws-05.playground"; path = "cltesty/hws-05.playground"; sourceTree = "<group>"; xcLanguageSpecificationIdentifier = xcode.lang.swift; };
		72BD4B942AA6BC1A00D887CB /* hws-09.playground */ = {isa = PBXFileReference; lastKnownFileType = file.playground; name = "hws-09.playground"; path = "cltesty/hws-09.playground"; sourceTree = "<group>"; xcLanguageSpecificationIdentifier = xcode.lang.swift; };
		72C404B8299ECC2F00B37B1A /* errorHandling.swift */ = {isa = PBXFileReference; fileEncoding = 4; lastKnownFileType = sourcecode.swift; path = errorHandling.swift; sourceTree = "<group>"; };
		72C404BA299ECCF100B37B1A /* generics.swift */ = {isa = PBXFileReference; lastKnownFileType = sourcecode.swift; path = generics.swift; sourceTree = "<group>"; };
		72C4302529A7F35200DC2FDD /* types.swift */ = {isa = PBXFileReference; lastKnownFileType = sourcecode.swift; path = types.swift; sourceTree = "<group>"; };
		72C4302729A7F76A00DC2FDD /* print.swift */ = {isa = PBXFileReference; lastKnownFileType = sourcecode.swift; path = print.swift; sourceTree = "<group>"; };
		72C4302D29A8015500DC2FDD /* README.md */ = {isa = PBXFileReference; fileEncoding = 4; lastKnownFileType = net.daringfireball.markdown; path = README.md; sourceTree = SOURCE_ROOT; };
		72D6729C2AA278090085D5A0 /* hws-06.playground */ = {isa = PBXFileReference; lastKnownFileType = file.playground; name = "hws-06.playground"; path = "cltesty/hws-06.playground"; sourceTree = "<group>"; xcLanguageSpecificationIdentifier = xcode.lang.swift; };
		72E24B5C298D69000033ADA3 /* protocols.swift */ = {isa = PBXFileReference; lastKnownFileType = sourcecode.swift; path = protocols.swift; sourceTree = "<group>"; };
		72E65DCE297ACFB90013B5A9 /* concurrency.swift */ = {isa = PBXFileReference; lastKnownFileType = sourcecode.swift; path = concurrency.swift; sourceTree = "<group>"; };
/* End PBXFileReference section */

/* Begin PBXFrameworksBuildPhase section */
		7296F3992942728200B665B4 /* Frameworks */ = {
			isa = PBXFrameworksBuildPhase;
			buildActionMask = 2147483647;
			files = (
			);
			runOnlyForDeploymentPostprocessing = 0;
		};
/* End PBXFrameworksBuildPhase section */

/* Begin PBXGroup section */
		7296F3932942728200B665B4 = {
			isa = PBXGroup;
			children = (
				72B189962AA933F200D2187E /* hws-11.playground */,
				7222CE912AA7EC5C004EDEF9 /* hws-10.playground */,
				72BD4B942AA6BC1A00D887CB /* hws-09.playground */,
				725856382AA52970001ED7C8 /* hws-08.playground */,
				729328772AA3E88A008BB75E /* hws-07.playground */,
				72D6729C2AA278090085D5A0 /* hws-06.playground */,
				72B897422AA154D0003CDD71 /* hws-05.playground */,
				721CC4852AA00689004E8F31 /* hws-04.playground */,
				725357162A9F889400C45796 /* hws-03.playground */,
				722EDD762A9D6EA200A95468 /* hws-02.playground */,
				7216A04C2A9C2DB000F9351A /* hws-01.playground */,
				7296F39E2942728200B665B4 /* cltesty */,
				7296F39D2942728200B665B4 /* Products */,
			);
			sourceTree = "<group>";
		};
		7296F39D2942728200B665B4 /* Products */ = {
			isa = PBXGroup;
			children = (
				7296F39C2942728200B665B4 /* cltesty */,
			);
			name = Products;
			sourceTree = "<group>";
		};
		7296F39E2942728200B665B4 /* cltesty */ = {
			isa = PBXGroup;
			children = (
				72C4302D29A8015500DC2FDD /* README.md */,
				72C404B8299ECC2F00B37B1A /* errorHandling.swift */,
				72E24B5C298D69000033ADA3 /* protocols.swift */,
				7245242F294A713C00F45ECA /* objects_classes.swift */,
				72AF61092943AAED008482D7 /* control.swift */,
				7287CF042947D448009455ED /* functions_closures.swift */,
				7296F39F2942728200B665B4 /* main.swift */,
				729774902964BD1800339FC7 /* enum_struc.swift */,
				72C4302529A7F35200DC2FDD /* types.swift */,
				72C4302729A7F76A00DC2FDD /* print.swift */,
				72E65DCE297ACFB90013B5A9 /* concurrency.swift */,
				7296F3A6294283D500B665B4 /* arrays.swift */,
				7296F3A8294283F100B665B4 /* dictionary.swift */,
				7296F3AA294289C300B665B4 /* nil.swift */,
				72C404BA299ECCF100B37B1A /* generics.swift */,
				7268C21629A7B8D500FE1B44 /* stdlib.swift */,
			);
			path = cltesty;
			sourceTree = "<group>";
		};
/* End PBXGroup section */

/* Begin PBXNativeTarget section */
		7296F39B2942728200B665B4 /* cltesty */ = {
			isa = PBXNativeTarget;
			buildConfigurationList = 7296F3A32942728200B665B4 /* Build configuration list for PBXNativeTarget "cltesty" */;
			buildPhases = (
				7296F3982942728200B665B4 /* Sources */,
				7296F3992942728200B665B4 /* Frameworks */,
				7296F39A2942728200B665B4 /* CopyFiles */,
			);
			buildRules = (
			);
			dependencies = (
			);
			name = cltesty;
			productName = cltesty;
			productReference = 7296F39C2942728200B665B4 /* cltesty */;
			productType = "com.apple.product-type.tool";
		};
/* End PBXNativeTarget section */

/* Begin PBXProject section */
		7296F3942942728200B665B4 /* Project object */ = {
			isa = PBXProject;
			attributes = {
				BuildIndependentTargetsInParallel = 1;
				LastSwiftUpdateCheck = 1410;
				LastUpgradeCheck = 1410;
				TargetAttributes = {
					7296F39B2942728200B665B4 = {
						CreatedOnToolsVersion = 14.1;
					};
				};
			};
			buildConfigurationList = 7296F3972942728200B665B4 /* Build configuration list for PBXProject "cltesty" */;
			compatibilityVersion = "Xcode 14.0";
			developmentRegion = en;
			hasScannedForEncodings = 0;
			knownRegions = (
				en,
				Base,
			);
			mainGroup = 7296F3932942728200B665B4;
			productRefGroup = 7296F39D2942728200B665B4 /* Products */;
			projectDirPath = "";
			projectRoot = "";
			targets = (
				7296F39B2942728200B665B4 /* cltesty */,
			);
		};
/* End PBXProject section */

/* Begin PBXSourcesBuildPhase section */
		7296F3982942728200B665B4 /* Sources */ = {
			isa = PBXSourcesBuildPhase;
			buildActionMask = 2147483647;
			files = (
				7268C21729A7B8D500FE1B44 /* stdlib.swift in Sources */,
				72C4302829A7F76A00DC2FDD /* print.swift in Sources */,
				729774912964BD1800339FC7 /* enum_struc.swift in Sources */,
				72452430294A713C00F45ECA /* objects_classes.swift in Sources */,
				72E65DCF297ACFB90013B5A9 /* concurrency.swift in Sources */,
				72E24B5D298D69000033ADA3 /* protocols.swift in Sources */,
				7296F3A9294283F100B665B4 /* dictionary.swift in Sources */,
				72C404BB299ECCF100B37B1A /* generics.swift in Sources */,
				7296F3A02942728200B665B4 /* main.swift in Sources */,
				7296F3A7294283D500B665B4 /* arrays.swift in Sources */,
				72C404B9299ECC2F00B37B1A /* errorHandling.swift in Sources */,
				7287CF052947D448009455ED /* functions_closures.swift in Sources */,
				7296F3AB294289C300B665B4 /* nil.swift in Sources */,
				72AF610A2943AAED008482D7 /* control.swift in Sources */,
				72C4302629A7F35200DC2FDD /* types.swift in Sources */,
			);
			runOnlyForDeploymentPostprocessing = 0;
		};
/* End PBXSourcesBuildPhase section */

/* Begin XCBuildConfiguration section */
		7296F3A12942728200B665B4 /* Debug */ = {
			isa = XCBuildConfiguration;
			buildSettings = {
				ALWAYS_SEARCH_USER_PATHS = NO;
				CLANG_ANALYZER_NONNULL = YES;
				CLANG_ANALYZER_NUMBER_OBJECT_CONVERSION = YES_AGGRESSIVE;
				CLANG_CXX_LANGUAGE_STANDARD = "gnu++20";
				CLANG_ENABLE_MODULES = YES;
				CLANG_ENABLE_OBJC_ARC = YES;
				CLANG_ENABLE_OBJC_WEAK = YES;
				CLANG_WARN_BLOCK_CAPTURE_AUTORELEASING = YES;
				CLANG_WARN_BOOL_CONVERSION = YES;
				CLANG_WARN_COMMA = YES;
				CLANG_WARN_CONSTANT_CONVERSION = YES;
				CLANG_WARN_DEPRECATED_OBJC_IMPLEMENTATIONS = YES;
				CLANG_WARN_DIRECT_OBJC_ISA_USAGE = YES_ERROR;
				CLANG_WARN_DOCUMENTATION_COMMENTS = YES;
				CLANG_WARN_EMPTY_BODY = YES;
				CLANG_WARN_ENUM_CONVERSION = YES;
				CLANG_WARN_INFINITE_RECURSION = YES;
				CLANG_WARN_INT_CONVERSION = YES;
				CLANG_WARN_NON_LITERAL_NULL_CONVERSION = YES;
				CLANG_WARN_OBJC_IMPLICIT_RETAIN_SELF = YES;
				CLANG_WARN_OBJC_LITERAL_CONVERSION = YES;
				CLANG_WARN_OBJC_ROOT_CLASS = YES_ERROR;
				CLANG_WARN_QUOTED_INCLUDE_IN_FRAMEWORK_HEADER = YES;
				CLANG_WARN_RANGE_LOOP_ANALYSIS = YES;
				CLANG_WARN_STRICT_PROTOTYPES = YES;
				CLANG_WARN_SUSPICIOUS_MOVE = YES;
				CLANG_WARN_UNGUARDED_AVAILABILITY = YES_AGGRESSIVE;
				CLANG_WARN_UNREACHABLE_CODE = YES;
				CLANG_WARN__DUPLICATE_METHOD_MATCH = YES;
				COPY_PHASE_STRIP = NO;
				DEBUG_INFORMATION_FORMAT = dwarf;
				ENABLE_STRICT_OBJC_MSGSEND = YES;
				ENABLE_TESTABILITY = YES;
				GCC_C_LANGUAGE_STANDARD = gnu11;
				GCC_DYNAMIC_NO_PIC = NO;
				GCC_NO_COMMON_BLOCKS = YES;
				GCC_OPTIMIZATION_LEVEL = 0;
				GCC_PREPROCESSOR_DEFINITIONS = (
					"DEBUG=1",
					"$(inherited)",
				);
				GCC_WARN_64_TO_32_BIT_CONVERSION = YES;
				GCC_WARN_ABOUT_RETURN_TYPE = YES_ERROR;
				GCC_WARN_UNDECLARED_SELECTOR = YES;
				GCC_WARN_UNINITIALIZED_AUTOS = YES_AGGRESSIVE;
				GCC_WARN_UNUSED_FUNCTION = YES;
				GCC_WARN_UNUSED_VARIABLE = YES;
				MACOSX_DEPLOYMENT_TARGET = 13.0;
				MTL_ENABLE_DEBUG_INFO = INCLUDE_SOURCE;
				MTL_FAST_MATH = YES;
				ONLY_ACTIVE_ARCH = YES;
				SDKROOT = macosx;
				SWIFT_ACTIVE_COMPILATION_CONDITIONS = DEBUG;
				SWIFT_OPTIMIZATION_LEVEL = "-Onone";
			};
			name = Debug;
		};
		7296F3A22942728200B665B4 /* Release */ = {
			isa = XCBuildConfiguration;
			buildSettings = {
				ALWAYS_SEARCH_USER_PATHS = NO;
				CLANG_ANALYZER_NONNULL = YES;
				CLANG_ANALYZER_NUMBER_OBJECT_CONVERSION = YES_AGGRESSIVE;
				CLANG_CXX_LANGUAGE_STANDARD = "gnu++20";
				CLANG_ENABLE_MODULES = YES;
				CLANG_ENABLE_OBJC_ARC = YES;
				CLANG_ENABLE_OBJC_WEAK = YES;
				CLANG_WARN_BLOCK_CAPTURE_AUTORELEASING = YES;
				CLANG_WARN_BOOL_CONVERSION = YES;
				CLANG_WARN_COMMA = YES;
				CLANG_WARN_CONSTANT_CONVERSION = YES;
				CLANG_WARN_DEPRECATED_OBJC_IMPLEMENTATIONS = YES;
				CLANG_WARN_DIRECT_OBJC_ISA_USAGE = YES_ERROR;
				CLANG_WARN_DOCUMENTATION_COMMENTS = YES;
				CLANG_WARN_EMPTY_BODY = YES;
				CLANG_WARN_ENUM_CONVERSION = YES;
				CLANG_WARN_INFINITE_RECURSION = YES;
				CLANG_WARN_INT_CONVERSION = YES;
				CLANG_WARN_NON_LITERAL_NULL_CONVERSION = YES;
				CLANG_WARN_OBJC_IMPLICIT_RETAIN_SELF = YES;
				CLANG_WARN_OBJC_LITERAL_CONVERSION = YES;
				CLANG_WARN_OBJC_ROOT_CLASS = YES_ERROR;
				CLANG_WARN_QUOTED_INCLUDE_IN_FRAMEWORK_HEADER = YES;
				CLANG_WARN_RANGE_LOOP_ANALYSIS = YES;
				CLANG_WARN_STRICT_PROTOTYPES = YES;
				CLANG_WARN_SUSPICIOUS_MOVE = YES;
				CLANG_WARN_UNGUARDED_AVAILABILITY = YES_AGGRESSIVE;
				CLANG_WARN_UNREACHABLE_CODE = YES;
				CLANG_WARN__DUPLICATE_METHOD_MATCH = YES;
				COPY_PHASE_STRIP = NO;
				DEBUG_INFORMATION_FORMAT = "dwarf-with-dsym";
				ENABLE_NS_ASSERTIONS = NO;
				ENABLE_STRICT_OBJC_MSGSEND = YES;
				GCC_C_LANGUAGE_STANDARD = gnu11;
				GCC_NO_COMMON_BLOCKS = YES;
				GCC_WARN_64_TO_32_BIT_CONVERSION = YES;
				GCC_WARN_ABOUT_RETURN_TYPE = YES_ERROR;
				GCC_WARN_UNDECLARED_SELECTOR = YES;
				GCC_WARN_UNINITIALIZED_AUTOS = YES_AGGRESSIVE;
				GCC_WARN_UNUSED_FUNCTION = YES;
				GCC_WARN_UNUSED_VARIABLE = YES;
				MACOSX_DEPLOYMENT_TARGET = 13.0;
				MTL_ENABLE_DEBUG_INFO = NO;
				MTL_FAST_MATH = YES;
				SDKROOT = macosx;
				SWIFT_COMPILATION_MODE = wholemodule;
				SWIFT_OPTIMIZATION_LEVEL = "-O";
			};
			name = Release;
		};
		7296F3A42942728200B665B4 /* Debug */ = {
			isa = XCBuildConfiguration;
			buildSettings = {
				CODE_SIGN_STYLE = Automatic;
				DEVELOPMENT_TEAM = Z84M4MZYKF;
				ENABLE_HARDENED_RUNTIME = YES;
				PRODUCT_NAME = "$(TARGET_NAME)";
				SWIFT_VERSION = 5.0;
			};
			name = Debug;
		};
		7296F3A52942728200B665B4 /* Release */ = {
			isa = XCBuildConfiguration;
			buildSettings = {
				CODE_SIGN_STYLE = Automatic;
				DEVELOPMENT_TEAM = Z84M4MZYKF;
				ENABLE_HARDENED_RUNTIME = YES;
				PRODUCT_NAME = "$(TARGET_NAME)";
				SWIFT_VERSION = 5.0;
			};
			name = Release;
		};
/* End XCBuildConfiguration section */

/* Begin XCConfigurationList section */
		7296F3972942728200B665B4 /* Build configuration list for PBXProject "cltesty" */ = {
			isa = XCConfigurationList;
			buildConfigurations = (
				7296F3A12942728200B665B4 /* Debug */,
				7296F3A22942728200B665B4 /* Release */,
			);
			defaultConfigurationIsVisible = 0;
			defaultConfigurationName = Release;
		};
		7296F3A32942728200B665B4 /* Build configuration list for PBXNativeTarget "cltesty" */ = {
			isa = XCConfigurationList;
			buildConfigurations = (
				7296F3A42942728200B665B4 /* Debug */,
				7296F3A52942728200B665B4 /* Release */,
			);
			defaultConfigurationIsVisible = 0;
			defaultConfigurationName = Release;
		};
/* End XCConfigurationList section */
	};
	rootObject = 7296F3942942728200B665B4 /* Project object */;
}
